// !$*UTF8*$!
{
	archiveVersion = 1;
	classes = {
	};
	objectVersion = 46;
	objects = {

/* Begin PBXBuildFile section */
		0C153D611C4F001300CBD947 /* Observable+Extension.swift in Sources */ = {isa = PBXBuildFile; fileRef = 0C153D601C4F001300CBD947 /* Observable+Extension.swift */; };
		0C18B4681C4454580081DFC5 /* AppDelegate.swift in Sources */ = {isa = PBXBuildFile; fileRef = 0C18B4671C4454580081DFC5 /* AppDelegate.swift */; };
		0C18B46A1C4454580081DFC5 /* ImperativeViewController.swift in Sources */ = {isa = PBXBuildFile; fileRef = 0C18B4691C4454580081DFC5 /* ImperativeViewController.swift */; };
		0C18B46D1C4454580081DFC5 /* Main.storyboard in Resources */ = {isa = PBXBuildFile; fileRef = 0C18B46B1C4454580081DFC5 /* Main.storyboard */; };
		0C18B46F1C4454580081DFC5 /* Assets.xcassets in Resources */ = {isa = PBXBuildFile; fileRef = 0C18B46E1C4454580081DFC5 /* Assets.xcassets */; };
		0C18B4721C4454580081DFC5 /* LaunchScreen.storyboard in Resources */ = {isa = PBXBuildFile; fileRef = 0C18B4701C4454580081DFC5 /* LaunchScreen.storyboard */; };
		0C18B47D1C4454580081DFC5 /* ImperativeGestureReactorTests.swift in Sources */ = {isa = PBXBuildFile; fileRef = 0C18B47C1C4454580081DFC5 /* ImperativeGestureReactorTests.swift */; };
		0C9FFB351C46625F00FD6C05 /* ReactiveViewController.swift in Sources */ = {isa = PBXBuildFile; fileRef = 0C9FFB341C46625F00FD6C05 /* ReactiveViewController.swift */; };
		0CDDAB481C56C21C00D5DA3D /* ReactiveShortViewController.swift in Sources */ = {isa = PBXBuildFile; fileRef = 0CDDAB471C56C21C00D5DA3D /* ReactiveShortViewController.swift */; };
		1BF29EDA1C69E72D00912AD3 /* UIView+Extensions.swift in Sources */ = {isa = PBXBuildFile; fileRef = 1BF29ED91C69E72D00912AD3 /* UIView+Extensions.swift */; };
		1F5B23AC1C8EBA7B00F28DE1 /* IntegratedReactiveGestureReactor.swift in Sources */ = {isa = PBXBuildFile; fileRef = 1F5B23AB1C8EBA7B00F28DE1 /* IntegratedReactiveGestureReactor.swift */; };
		1F5B23AE1C8EBCAD00F28DE1 /* IntegratedReactiveViewController.swift in Sources */ = {isa = PBXBuildFile; fileRef = 1F5B23AD1C8EBCAD00F28DE1 /* IntegratedReactiveViewController.swift */; };
		1FB180CC1C6C72EF008BC2D1 /* UIGestureRecognizerProtocol.swift in Sources */ = {isa = PBXBuildFile; fileRef = 1FB180CB1C6C72EF008BC2D1 /* UIGestureRecognizerProtocol.swift */; };
		1FD5DC431C69D4B60050B3D9 /* ImperativeGestureReactor.swift in Sources */ = {isa = PBXBuildFile; fileRef = 1FD5DC421C69D4B60050B3D9 /* ImperativeGestureReactor.swift */; };
		1FD5DC451C69D60C0050B3D9 /* GestureReactor.swift in Sources */ = {isa = PBXBuildFile; fileRef = 1FD5DC441C69D60C0050B3D9 /* GestureReactor.swift */; };
		1FD5DC471C69D7EE0050B3D9 /* ReactiveGestureReactor.swift in Sources */ = {isa = PBXBuildFile; fileRef = 1FD5DC461C69D7EE0050B3D9 /* ReactiveGestureReactor.swift */; };
		1FE3E4351C6C782F00804CA2 /* TimerProtocol.swift in Sources */ = {isa = PBXBuildFile; fileRef = 1FE3E4341C6C782F00804CA2 /* TimerProtocol.swift */; };
		1FE3E4371C6CF6B800804CA2 /* ReactiveTimer.swift in Sources */ = {isa = PBXBuildFile; fileRef = 1FE3E4361C6CF6B800804CA2 /* ReactiveTimer.swift */; };
		1FE3E4391C6DC6CC00804CA2 /* GestureReactorTestHelper.swift in Sources */ = {isa = PBXBuildFile; fileRef = 1FE3E4381C6DC6CB00804CA2 /* GestureReactorTestHelper.swift */; };
		1FE3E43B1C6E40A200804CA2 /* ReactiveGestureReactorTests.swift in Sources */ = {isa = PBXBuildFile; fileRef = 1FE3E43A1C6E40A200804CA2 /* ReactiveGestureReactorTests.swift */; };
		B48DEEE7DD9FCD9E8F77A13B /* Pods.framework in Frameworks */ = {isa = PBXBuildFile; fileRef = AA3577BA56804CC07EC782AF /* Pods.framework */; };
/* End PBXBuildFile section */

/* Begin PBXContainerItemProxy section */
		0C18B4791C4454580081DFC5 /* PBXContainerItemProxy */ = {
			isa = PBXContainerItemProxy;
			containerPortal = 0C18B45C1C4454580081DFC5 /* Project object */;
			proxyType = 1;
			remoteGlobalIDString = 0C18B4631C4454580081DFC5;
			remoteInfo = RFP;
		};
/* End PBXContainerItemProxy section */

/* Begin PBXFileReference section */
		0C153D601C4F001300CBD947 /* Observable+Extension.swift */ = {isa = PBXFileReference; fileEncoding = 4; lastKnownFileType = sourcecode.swift; path = "Observable+Extension.swift"; sourceTree = "<group>"; };
		0C18B4641C4454580081DFC5 /* RFP.app */ = {isa = PBXFileReference; explicitFileType = wrapper.application; includeInIndex = 0; path = RFP.app; sourceTree = BUILT_PRODUCTS_DIR; };
		0C18B4671C4454580081DFC5 /* AppDelegate.swift */ = {isa = PBXFileReference; lastKnownFileType = sourcecode.swift; path = AppDelegate.swift; sourceTree = "<group>"; };
		0C18B4691C4454580081DFC5 /* ImperativeViewController.swift */ = {isa = PBXFileReference; lastKnownFileType = sourcecode.swift; path = ImperativeViewController.swift; sourceTree = "<group>"; };
		0C18B46C1C4454580081DFC5 /* Base */ = {isa = PBXFileReference; lastKnownFileType = file.storyboard; name = Base; path = Base.lproj/Main.storyboard; sourceTree = "<group>"; };
		0C18B46E1C4454580081DFC5 /* Assets.xcassets */ = {isa = PBXFileReference; lastKnownFileType = folder.assetcatalog; path = Assets.xcassets; sourceTree = "<group>"; };
		0C18B4711C4454580081DFC5 /* Base */ = {isa = PBXFileReference; lastKnownFileType = file.storyboard; name = Base; path = Base.lproj/LaunchScreen.storyboard; sourceTree = "<group>"; };
		0C18B4731C4454580081DFC5 /* Info.plist */ = {isa = PBXFileReference; lastKnownFileType = text.plist.xml; path = Info.plist; sourceTree = "<group>"; };
		0C18B4781C4454580081DFC5 /* RFPTests.xctest */ = {isa = PBXFileReference; explicitFileType = wrapper.cfbundle; includeInIndex = 0; path = RFPTests.xctest; sourceTree = BUILT_PRODUCTS_DIR; };
		0C18B47C1C4454580081DFC5 /* ImperativeGestureReactorTests.swift */ = {isa = PBXFileReference; lastKnownFileType = sourcecode.swift; path = ImperativeGestureReactorTests.swift; sourceTree = "<group>"; };
		0C18B47E1C4454580081DFC5 /* Info.plist */ = {isa = PBXFileReference; lastKnownFileType = text.plist.xml; path = Info.plist; sourceTree = "<group>"; };
		0C9FFB341C46625F00FD6C05 /* ReactiveViewController.swift */ = {isa = PBXFileReference; fileEncoding = 4; lastKnownFileType = sourcecode.swift; path = ReactiveViewController.swift; sourceTree = "<group>"; };
		0CDDAB471C56C21C00D5DA3D /* ReactiveShortViewController.swift */ = {isa = PBXFileReference; fileEncoding = 4; lastKnownFileType = sourcecode.swift; path = ReactiveShortViewController.swift; sourceTree = "<group>"; };
		1AFF0EC5CED5C7CDACEDF353 /* Pods.debug.xcconfig */ = {isa = PBXFileReference; includeInIndex = 1; lastKnownFileType = text.xcconfig; name = Pods.debug.xcconfig; path = "Pods/Target Support Files/Pods/Pods.debug.xcconfig"; sourceTree = "<group>"; };
		1BF29ED91C69E72D00912AD3 /* UIView+Extensions.swift */ = {isa = PBXFileReference; fileEncoding = 4; lastKnownFileType = sourcecode.swift; path = "UIView+Extensions.swift"; sourceTree = "<group>"; };
		1F5B23AB1C8EBA7B00F28DE1 /* IntegratedReactiveGestureReactor.swift */ = {isa = PBXFileReference; fileEncoding = 4; lastKnownFileType = sourcecode.swift; path = IntegratedReactiveGestureReactor.swift; sourceTree = "<group>"; };
		1F5B23AD1C8EBCAD00F28DE1 /* IntegratedReactiveViewController.swift */ = {isa = PBXFileReference; fileEncoding = 4; lastKnownFileType = sourcecode.swift; path = IntegratedReactiveViewController.swift; sourceTree = "<group>"; };
		1FB180CB1C6C72EF008BC2D1 /* UIGestureRecognizerProtocol.swift */ = {isa = PBXFileReference; fileEncoding = 4; lastKnownFileType = sourcecode.swift; path = UIGestureRecognizerProtocol.swift; sourceTree = "<group>"; };
		1FD5DC421C69D4B60050B3D9 /* ImperativeGestureReactor.swift */ = {isa = PBXFileReference; fileEncoding = 4; lastKnownFileType = sourcecode.swift; path = ImperativeGestureReactor.swift; sourceTree = "<group>"; };
		1FD5DC441C69D60C0050B3D9 /* GestureReactor.swift */ = {isa = PBXFileReference; fileEncoding = 4; lastKnownFileType = sourcecode.swift; path = GestureReactor.swift; sourceTree = "<group>"; };
		1FD5DC461C69D7EE0050B3D9 /* ReactiveGestureReactor.swift */ = {isa = PBXFileReference; fileEncoding = 4; lastKnownFileType = sourcecode.swift; path = ReactiveGestureReactor.swift; sourceTree = "<group>"; };
		1FE3E4341C6C782F00804CA2 /* TimerProtocol.swift */ = {isa = PBXFileReference; fileEncoding = 4; lastKnownFileType = sourcecode.swift; path = TimerProtocol.swift; sourceTree = "<group>"; };
		1FE3E4361C6CF6B800804CA2 /* ReactiveTimer.swift */ = {isa = PBXFileReference; fileEncoding = 4; lastKnownFileType = sourcecode.swift; path = ReactiveTimer.swift; sourceTree = "<group>"; };
		1FE3E4381C6DC6CB00804CA2 /* GestureReactorTestHelper.swift */ = {isa = PBXFileReference; fileEncoding = 4; lastKnownFileType = sourcecode.swift; path = GestureReactorTestHelper.swift; sourceTree = "<group>"; };
		1FE3E43A1C6E40A200804CA2 /* ReactiveGestureReactorTests.swift */ = {isa = PBXFileReference; fileEncoding = 4; lastKnownFileType = sourcecode.swift; path = ReactiveGestureReactorTests.swift; sourceTree = "<group>"; };
		350C6FD680F3FD2ADAEA261D /* Pods.release.xcconfig */ = {isa = PBXFileReference; includeInIndex = 1; lastKnownFileType = text.xcconfig; name = Pods.release.xcconfig; path = "Pods/Target Support Files/Pods/Pods.release.xcconfig"; sourceTree = "<group>"; };
		AA3577BA56804CC07EC782AF /* Pods.framework */ = {isa = PBXFileReference; explicitFileType = wrapper.framework; includeInIndex = 0; path = Pods.framework; sourceTree = BUILT_PRODUCTS_DIR; };
/* End PBXFileReference section */

/* Begin PBXFrameworksBuildPhase section */
		0C18B4611C4454580081DFC5 /* Frameworks */ = {
			isa = PBXFrameworksBuildPhase;
			buildActionMask = 2147483647;
			files = (
				B48DEEE7DD9FCD9E8F77A13B /* Pods.framework in Frameworks */,
			);
			runOnlyForDeploymentPostprocessing = 0;
		};
		0C18B4751C4454580081DFC5 /* Frameworks */ = {
			isa = PBXFrameworksBuildPhase;
			buildActionMask = 2147483647;
			files = (
			);
			runOnlyForDeploymentPostprocessing = 0;
		};
/* End PBXFrameworksBuildPhase section */

/* Begin PBXGroup section */
		0C18B45B1C4454580081DFC5 = {
			isa = PBXGroup;
			children = (
				0C18B4661C4454580081DFC5 /* RFP */,
				0C18B47B1C4454580081DFC5 /* RFPTests */,
				0C18B4651C4454580081DFC5 /* Products */,
				5C5871B109143425CDA38895 /* Pods */,
				E1916C9150D2469D4A8D87BC /* Frameworks */,
			);
			sourceTree = "<group>";
		};
		0C18B4651C4454580081DFC5 /* Products */ = {
			isa = PBXGroup;
			children = (
				0C18B4641C4454580081DFC5 /* RFP.app */,
				0C18B4781C4454580081DFC5 /* RFPTests.xctest */,
			);
			name = Products;
			sourceTree = "<group>";
		};
		0C18B4661C4454580081DFC5 /* RFP */ = {
			isa = PBXGroup;
			children = (
				0C18B4671C4454580081DFC5 /* AppDelegate.swift */,
				0C18B4691C4454580081DFC5 /* ImperativeViewController.swift */,
				0C9FFB341C46625F00FD6C05 /* ReactiveViewController.swift */,
				0CDDAB471C56C21C00D5DA3D /* ReactiveShortViewController.swift */,
				0C153D601C4F001300CBD947 /* Observable+Extension.swift */,
				1BF29ED91C69E72D00912AD3 /* UIView+Extensions.swift */,
				0C18B46B1C4454580081DFC5 /* Main.storyboard */,
				0C18B46E1C4454580081DFC5 /* Assets.xcassets */,
				0C18B4701C4454580081DFC5 /* LaunchScreen.storyboard */,
				0C18B4731C4454580081DFC5 /* Info.plist */,
				1FD5DC421C69D4B60050B3D9 /* ImperativeGestureReactor.swift */,
				1FD5DC441C69D60C0050B3D9 /* GestureReactor.swift */,
				1FD5DC461C69D7EE0050B3D9 /* ReactiveGestureReactor.swift */,
				1FB180CB1C6C72EF008BC2D1 /* UIGestureRecognizerProtocol.swift */,
				1FE3E4341C6C782F00804CA2 /* TimerProtocol.swift */,
				1FE3E4361C6CF6B800804CA2 /* ReactiveTimer.swift */,
				1F5B23AB1C8EBA7B00F28DE1 /* IntegratedReactiveGestureReactor.swift */,
				1F5B23AD1C8EBCAD00F28DE1 /* IntegratedReactiveViewController.swift */,
			);
			path = RFP;
			sourceTree = "<group>";
		};
		0C18B47B1C4454580081DFC5 /* RFPTests */ = {
			isa = PBXGroup;
			children = (
				0C18B47C1C4454580081DFC5 /* ImperativeGestureReactorTests.swift */,
				0C18B47E1C4454580081DFC5 /* Info.plist */,
				1FE3E4381C6DC6CB00804CA2 /* GestureReactorTestHelper.swift */,
				1FE3E43A1C6E40A200804CA2 /* ReactiveGestureReactorTests.swift */,
			);
			path = RFPTests;
			sourceTree = "<group>";
		};
		5C5871B109143425CDA38895 /* Pods */ = {
			isa = PBXGroup;
			children = (
				1AFF0EC5CED5C7CDACEDF353 /* Pods.debug.xcconfig */,
				350C6FD680F3FD2ADAEA261D /* Pods.release.xcconfig */,
			);
			name = Pods;
			sourceTree = "<group>";
		};
		E1916C9150D2469D4A8D87BC /* Frameworks */ = {
			isa = PBXGroup;
			children = (
				AA3577BA56804CC07EC782AF /* Pods.framework */,
			);
			name = Frameworks;
			sourceTree = "<group>";
		};
/* End PBXGroup section */

/* Begin PBXNativeTarget section */
		0C18B4631C4454580081DFC5 /* RFP */ = {
			isa = PBXNativeTarget;
			buildConfigurationList = 0C18B4811C4454580081DFC5 /* Build configuration list for PBXNativeTarget "RFP" */;
			buildPhases = (
				97BDC9C540B8DEE7642BDE5E /* Check Pods Manifest.lock */,
				0C18B4601C4454580081DFC5 /* Sources */,
				0C18B4611C4454580081DFC5 /* Frameworks */,
				0C18B4621C4454580081DFC5 /* Resources */,
				E8D3F59913FA2BC549BAC0A8 /* Embed Pods Frameworks */,
				4CDF599D516705B874E9B176 /* Copy Pods Resources */,
			);
			buildRules = (
			);
			dependencies = (
			);
			name = RFP;
			productName = RFP;
			productReference = 0C18B4641C4454580081DFC5 /* RFP.app */;
			productType = "com.apple.product-type.application";
		};
		0C18B4771C4454580081DFC5 /* RFPTests */ = {
			isa = PBXNativeTarget;
			buildConfigurationList = 0C18B4841C4454580081DFC5 /* Build configuration list for PBXNativeTarget "RFPTests" */;
			buildPhases = (
				0C18B4741C4454580081DFC5 /* Sources */,
				0C18B4751C4454580081DFC5 /* Frameworks */,
				0C18B4761C4454580081DFC5 /* Resources */,
			);
			buildRules = (
			);
			dependencies = (
				0C18B47A1C4454580081DFC5 /* PBXTargetDependency */,
			);
			name = RFPTests;
			productName = RFPTests;
			productReference = 0C18B4781C4454580081DFC5 /* RFPTests.xctest */;
			productType = "com.apple.product-type.bundle.unit-test";
		};
/* End PBXNativeTarget section */

/* Begin PBXProject section */
		0C18B45C1C4454580081DFC5 /* Project object */ = {
			isa = PBXProject;
			attributes = {
				LastSwiftUpdateCheck = 0720;
				LastUpgradeCheck = 0720;
				ORGANIZATIONNAME = "Mark Aron Szulyovszky";
				TargetAttributes = {
					0C18B4631C4454580081DFC5 = {
						CreatedOnToolsVersion = 7.2;
					};
					0C18B4771C4454580081DFC5 = {
						CreatedOnToolsVersion = 7.2;
						TestTargetID = 0C18B4631C4454580081DFC5;
					};
				};
			};
			buildConfigurationList = 0C18B45F1C4454580081DFC5 /* Build configuration list for PBXProject "RFP" */;
			compatibilityVersion = "Xcode 3.2";
			developmentRegion = English;
			hasScannedForEncodings = 0;
			knownRegions = (
				en,
				Base,
			);
			mainGroup = 0C18B45B1C4454580081DFC5;
			productRefGroup = 0C18B4651C4454580081DFC5 /* Products */;
			projectDirPath = "";
			projectRoot = "";
			targets = (
				0C18B4631C4454580081DFC5 /* RFP */,
				0C18B4771C4454580081DFC5 /* RFPTests */,
			);
		};
/* End PBXProject section */

/* Begin PBXResourcesBuildPhase section */
		0C18B4621C4454580081DFC5 /* Resources */ = {
			isa = PBXResourcesBuildPhase;
			buildActionMask = 2147483647;
			files = (
				0C18B4721C4454580081DFC5 /* LaunchScreen.storyboard in Resources */,
				0C18B46F1C4454580081DFC5 /* Assets.xcassets in Resources */,
				0C18B46D1C4454580081DFC5 /* Main.storyboard in Resources */,
			);
			runOnlyForDeploymentPostprocessing = 0;
		};
		0C18B4761C4454580081DFC5 /* Resources */ = {
			isa = PBXResourcesBuildPhase;
			buildActionMask = 2147483647;
			files = (
			);
			runOnlyForDeploymentPostprocessing = 0;
		};
/* End PBXResourcesBuildPhase section */

/* Begin PBXShellScriptBuildPhase section */
		4CDF599D516705B874E9B176 /* Copy Pods Resources */ = {
			isa = PBXShellScriptBuildPhase;
			buildActionMask = 2147483647;
			files = (
			);
			inputPaths = (
			);
			name = "Copy Pods Resources";
			outputPaths = (
			);
			runOnlyForDeploymentPostprocessing = 0;
			shellPath = /bin/sh;
			shellScript = "\"${SRCROOT}/Pods/Target Support Files/Pods/Pods-resources.sh\"\n";
			showEnvVarsInLog = 0;
		};
		97BDC9C540B8DEE7642BDE5E /* Check Pods Manifest.lock */ = {
			isa = PBXShellScriptBuildPhase;
			buildActionMask = 2147483647;
			files = (
			);
			inputPaths = (
			);
			name = "Check Pods Manifest.lock";
			outputPaths = (
			);
			runOnlyForDeploymentPostprocessing = 0;
			shellPath = /bin/sh;
			shellScript = "diff \"${PODS_ROOT}/../Podfile.lock\" \"${PODS_ROOT}/Manifest.lock\" > /dev/null\nif [[ $? != 0 ]] ; then\n    cat << EOM\nerror: The sandbox is not in sync with the Podfile.lock. Run 'pod install' or update your CocoaPods installation.\nEOM\n    exit 1\nfi\n";
			showEnvVarsInLog = 0;
		};
		E8D3F59913FA2BC549BAC0A8 /* Embed Pods Frameworks */ = {
			isa = PBXShellScriptBuildPhase;
			buildActionMask = 2147483647;
			files = (
			);
			inputPaths = (
			);
			name = "Embed Pods Frameworks";
			outputPaths = (
			);
			runOnlyForDeploymentPostprocessing = 0;
			shellPath = /bin/sh;
			shellScript = "\"${SRCROOT}/Pods/Target Support Files/Pods/Pods-frameworks.sh\"\n";
			showEnvVarsInLog = 0;
		};
/* End PBXShellScriptBuildPhase section */

/* Begin PBXSourcesBuildPhase section */
		0C18B4601C4454580081DFC5 /* Sources */ = {
			isa = PBXSourcesBuildPhase;
			buildActionMask = 2147483647;
			files = (
				1FE3E4371C6CF6B800804CA2 /* ReactiveTimer.swift in Sources */,
				1BF29EDA1C69E72D00912AD3 /* UIView+Extensions.swift in Sources */,
				0C18B46A1C4454580081DFC5 /* ImperativeViewController.swift in Sources */,
				1FD5DC471C69D7EE0050B3D9 /* ReactiveGestureReactor.swift in Sources */,
				0C18B4681C4454580081DFC5 /* AppDelegate.swift in Sources */,
				1FD5DC431C69D4B60050B3D9 /* ImperativeGestureReactor.swift in Sources */,
				0C153D611C4F001300CBD947 /* Observable+Extension.swift in Sources */,
				1F5B23AC1C8EBA7B00F28DE1 /* IntegratedReactiveGestureReactor.swift in Sources */,
				1F5B23AE1C8EBCAD00F28DE1 /* IntegratedReactiveViewController.swift in Sources */,
				0CDDAB481C56C21C00D5DA3D /* ReactiveShortViewController.swift in Sources */,
				1FD5DC451C69D60C0050B3D9 /* GestureReactor.swift in Sources */,
				1FE3E4351C6C782F00804CA2 /* TimerProtocol.swift in Sources */,
				0C9FFB351C46625F00FD6C05 /* ReactiveViewController.swift in Sources */,
				1FB180CC1C6C72EF008BC2D1 /* UIGestureRecognizerProtocol.swift in Sources */,
			);
			runOnlyForDeploymentPostprocessing = 0;
		};
		0C18B4741C4454580081DFC5 /* Sources */ = {
			isa = PBXSourcesBuildPhase;
			buildActionMask = 2147483647;
			files = (
				1FE3E4391C6DC6CC00804CA2 /* GestureReactorTestHelper.swift in Sources */,
				1FE3E43B1C6E40A200804CA2 /* ReactiveGestureReactorTests.swift in Sources */,
				0C18B47D1C4454580081DFC5 /* ImperativeGestureReactorTests.swift in Sources */,
			);
			runOnlyForDeploymentPostprocessing = 0;
		};
/* End PBXSourcesBuildPhase section */

/* Begin PBXTargetDependency section */
		0C18B47A1C4454580081DFC5 /* PBXTargetDependency */ = {
			isa = PBXTargetDependency;
			target = 0C18B4631C4454580081DFC5 /* RFP */;
			targetProxy = 0C18B4791C4454580081DFC5 /* PBXContainerItemProxy */;
		};
/* End PBXTargetDependency section */

/* Begin PBXVariantGroup section */
		0C18B46B1C4454580081DFC5 /* Main.storyboard */ = {
			isa = PBXVariantGroup;
			children = (
				0C18B46C1C4454580081DFC5 /* Base */,
			);
			name = Main.storyboard;
			sourceTree = "<group>";
		};
		0C18B4701C4454580081DFC5 /* LaunchScreen.storyboard */ = {
			isa = PBXVariantGroup;
			children = (
				0C18B4711C4454580081DFC5 /* Base */,
			);
			name = LaunchScreen.storyboard;
			sourceTree = "<group>";
		};
/* End PBXVariantGroup section */

/* Begin XCBuildConfiguration section */
		0C18B47F1C4454580081DFC5 /* Debug */ = {
			isa = XCBuildConfiguration;
			buildSettings = {
				ALWAYS_SEARCH_USER_PATHS = NO;
				CLANG_CXX_LANGUAGE_STANDARD = "gnu++0x";
				CLANG_CXX_LIBRARY = "libc++";
				CLANG_ENABLE_MODULES = YES;
				CLANG_ENABLE_OBJC_ARC = YES;
				CLANG_WARN_BOOL_CONVERSION = YES;
				CLANG_WARN_CONSTANT_CONVERSION = YES;
				CLANG_WARN_DIRECT_OBJC_ISA_USAGE = YES_ERROR;
				CLANG_WARN_EMPTY_BODY = YES;
				CLANG_WARN_ENUM_CONVERSION = YES;
				CLANG_WARN_INT_CONVERSION = YES;
				CLANG_WARN_OBJC_ROOT_CLASS = YES_ERROR;
				CLANG_WARN_UNREACHABLE_CODE = YES;
				CLANG_WARN__DUPLICATE_METHOD_MATCH = YES;
				"CODE_SIGN_IDENTITY[sdk=iphoneos*]" = "iPhone Developer";
				COPY_PHASE_STRIP = NO;
				DEBUG_INFORMATION_FORMAT = dwarf;
				ENABLE_STRICT_OBJC_MSGSEND = YES;
				ENABLE_TESTABILITY = YES;
				GCC_C_LANGUAGE_STANDARD = gnu99;
				GCC_DYNAMIC_NO_PIC = NO;
				GCC_NO_COMMON_BLOCKS = YES;
				GCC_OPTIMIZATION_LEVEL = 0;
				GCC_PREPROCESSOR_DEFINITIONS = (
					"DEBUG=1",
					"$(inherited)",
				);
				GCC_WARN_64_TO_32_BIT_CONVERSION = YES;
				GCC_WARN_ABOUT_RETURN_TYPE = YES_ERROR;
				GCC_WARN_UNDECLARED_SELECTOR = YES;
				GCC_WARN_UNINITIALIZED_AUTOS = YES_AGGRESSIVE;
				GCC_WARN_UNUSED_FUNCTION = YES;
				GCC_WARN_UNUSED_VARIABLE = YES;
				IPHONEOS_DEPLOYMENT_TARGET = 9.2;
				MTL_ENABLE_DEBUG_INFO = YES;
				ONLY_ACTIVE_ARCH = YES;
				SDKROOT = iphoneos;
				SWIFT_OPTIMIZATION_LEVEL = "-Onone";
			};
			name = Debug;
		};
		0C18B4801C4454580081DFC5 /* Release */ = {
			isa = XCBuildConfiguration;
			buildSettings = {
				ALWAYS_SEARCH_USER_PATHS = NO;
				CLANG_CXX_LANGUAGE_STANDARD = "gnu++0x";
				CLANG_CXX_LIBRARY = "libc++";
				CLANG_ENABLE_MODULES = YES;
				CLANG_ENABLE_OBJC_ARC = YES;
				CLANG_WARN_BOOL_CONVERSION = YES;
				CLANG_WARN_CONSTANT_CONVERSION = YES;
				CLANG_WARN_DIRECT_OBJC_ISA_USAGE = YES_ERROR;
				CLANG_WARN_EMPTY_BODY = YES;
				CLANG_WARN_ENUM_CONVERSION = YES;
				CLANG_WARN_INT_CONVERSION = YES;
				CLANG_WARN_OBJC_ROOT_CLASS = YES_ERROR;
				CLANG_WARN_UNREACHABLE_CODE = YES;
				CLANG_WARN__DUPLICATE_METHOD_MATCH = YES;
				"CODE_SIGN_IDENTITY[sdk=iphoneos*]" = "iPhone Developer";
				COPY_PHASE_STRIP = NO;
				DEBUG_INFORMATION_FORMAT = "dwarf-with-dsym";
				ENABLE_NS_ASSERTIONS = NO;
				ENABLE_STRICT_OBJC_MSGSEND = YES;
				GCC_C_LANGUAGE_STANDARD = gnu99;
				GCC_NO_COMMON_BLOCKS = YES;
				GCC_WARN_64_TO_32_BIT_CONVERSION = YES;
				GCC_WARN_ABOUT_RETURN_TYPE = YES_ERROR;
				GCC_WARN_UNDECLARED_SELECTOR = YES;
				GCC_WARN_UNINITIALIZED_AUTOS = YES_AGGRESSIVE;
				GCC_WARN_UNUSED_FUNCTION = YES;
				GCC_WARN_UNUSED_VARIABLE = YES;
				IPHONEOS_DEPLOYMENT_TARGET = 9.2;
				MTL_ENABLE_DEBUG_INFO = NO;
				SDKROOT = iphoneos;
				VALIDATE_PRODUCT = YES;
			};
			name = Release;
		};
		0C18B4821C4454580081DFC5 /* Debug */ = {
			isa = XCBuildConfiguration;
			baseConfigurationReference = 1AFF0EC5CED5C7CDACEDF353 /* Pods.debug.xcconfig */;
			buildSettings = {
				ASSETCATALOG_COMPILER_APPICON_NAME = AppIcon;
				INFOPLIST_FILE = RFP/Info.plist;
				LD_RUNPATH_SEARCH_PATHS = "$(inherited) @executable_path/Frameworks";
				PRODUCT_BUNDLE_IDENTIFIER = itchingpixels.RFP;
				PRODUCT_NAME = "$(TARGET_NAME)";
			};
			name = Debug;
		};
		0C18B4831C4454580081DFC5 /* Release */ = {
			isa = XCBuildConfiguration;
			baseConfigurationReference = 350C6FD680F3FD2ADAEA261D /* Pods.release.xcconfig */;
			buildSettings = {
				ASSETCATALOG_COMPILER_APPICON_NAME = AppIcon;
				INFOPLIST_FILE = RFP/Info.plist;
				LD_RUNPATH_SEARCH_PATHS = "$(inherited) @executable_path/Frameworks";
				PRODUCT_BUNDLE_IDENTIFIER = itchingpixels.RFP;
				PRODUCT_NAME = "$(TARGET_NAME)";
			};
			name = Release;
		};
		0C18B4851C4454580081DFC5 /* Debug */ = {
			isa = XCBuildConfiguration;
			buildSettings = {
				BUNDLE_LOADER = "$(TEST_HOST)";
				INFOPLIST_FILE = RFPTests/Info.plist;
				LD_RUNPATH_SEARCH_PATHS = "$(inherited) @executable_path/Frameworks @loader_path/Frameworks";
				PRODUCT_BUNDLE_IDENTIFIER = itchingpixels.RFPTests;
				PRODUCT_NAME = "$(TARGET_NAME)";
				TEST_HOST = "$(BUILT_PRODUCTS_DIR)/RFP.app/RFP";
			};
			name = Debug;
		};
		0C18B4861C4454580081DFC5 /* Release */ = {
			isa = XCBuildConfiguration;
			buildSettings = {
				BUNDLE_LOADER = "$(TEST_HOST)";
				INFOPLIST_FILE = RFPTests/Info.plist;
				LD_RUNPATH_SEARCH_PATHS = "$(inherited) @executable_path/Frameworks @loader_path/Frameworks";
				PRODUCT_BUNDLE_IDENTIFIER = itchingpixels.RFPTests;
				PRODUCT_NAME = "$(TARGET_NAME)";
				TEST_HOST = "$(BUILT_PRODUCTS_DIR)/RFP.app/RFP";
			};
			name = Release;
		};
/* End XCBuildConfiguration section */

/* Begin XCConfigurationList section */
		0C18B45F1C4454580081DFC5 /* Build configuration list for PBXProject "RFP" */ = {
			isa = XCConfigurationList;
			buildConfigurations = (
				0C18B47F1C4454580081DFC5 /* Debug */,
				0C18B4801C4454580081DFC5 /* Release */,
			);
			defaultConfigurationIsVisible = 0;
			defaultConfigurationName = Release;
		};
		0C18B4811C4454580081DFC5 /* Build configuration list for PBXNativeTarget "RFP" */ = {
			isa = XCConfigurationList;
			buildConfigurations = (
				0C18B4821C4454580081DFC5 /* Debug */,
				0C18B4831C4454580081DFC5 /* Release */,
			);
			defaultConfigurationIsVisible = 0;
			defaultConfigurationName = Release;
		};
		0C18B4841C4454580081DFC5 /* Build configuration list for PBXNativeTarget "RFPTests" */ = {
			isa = XCConfigurationList;
			buildConfigurations = (
				0C18B4851C4454580081DFC5 /* Debug */,
				0C18B4861C4454580081DFC5 /* Release */,
			);
			defaultConfigurationIsVisible = 0;
			defaultConfigurationName = Release;
		};
/* End XCConfigurationList section */
	};
	rootObject = 0C18B45C1C4454580081DFC5 /* Project object */;
}
